
Microsoft Visual Studio Solution File, Format Version 12.00
Project("{FAE04EC0-301F-11D3-BF4B-00C04F79EFBC}") = "Customers.Api", "src\Customers.Api\Customers.Api.csproj", "{3DF945E1-6DA8-4706-97F4-52C445142E28}"
EndProject
Project("{2150E333-8FDC-42A3-9474-1A3956D46DE8}") = "src", "src", "{1C1EDA2D-BD36-43E2-A12F-2E5C7A335E73}"
EndProject
Project("{FAE04EC0-301F-11D3-BF4B-00C04F79EFBC}") = "Customers.Persistence", "src\Customers.Persistence\Customers.Persistence.csproj", "{DBB9B389-7CE2-4E63-9428-D947B000024B}"
EndProject
Project("{FAE04EC0-301F-11D3-BF4B-00C04F79EFBC}") = "Customers.Worker", "src\Customers.Worker\Customers.Worker.csproj", "{3CF3CDF2-A703-44A0-8CE5-53CAA83123CE}"
EndProject
Global
	GlobalSection(SolutionConfigurationPlatforms) = preSolution
		Debug|Any CPU = Debug|Any CPU
		Release|Any CPU = Release|Any CPU
	EndGlobalSection
	GlobalSection(ProjectConfigurationPlatforms) = postSolution
		{3DF945E1-6DA8-4706-97F4-52C445142E28}.Debug|Any CPU.ActiveCfg = Debug|Any CPU
		{3DF945E1-6DA8-4706-97F4-52C445142E28}.Debug|Any CPU.Build.0 = Debug|Any CPU
		{3DF945E1-6DA8-4706-97F4-52C445142E28}.Release|Any CPU.ActiveCfg = Release|Any CPU
		{3DF945E1-6DA8-4706-97F4-52C445142E28}.Release|Any CPU.Build.0 = Release|Any CPU
		{DBB9B389-7CE2-4E63-9428-D947B000024B}.Debug|Any CPU.ActiveCfg = Debug|Any CPU
		{DBB9B389-7CE2-4E63-9428-D947B000024B}.Debug|Any CPU.Build.0 = Debug|Any CPU
		{DBB9B389-7CE2-4E63-9428-D947B000024B}.Release|Any CPU.ActiveCfg = Release|Any CPU
		{DBB9B389-7CE2-4E63-9428-D947B000024B}.Release|Any CPU.Build.0 = Release|Any CPU
		{3CF3CDF2-A703-44A0-8CE5-53CAA83123CE}.Debug|Any CPU.ActiveCfg = Debug|Any CPU
		{3CF3CDF2-A703-44A0-8CE5-53CAA83123CE}.Debug|Any CPU.Build.0 = Debug|Any CPU
		{3CF3CDF2-A703-44A0-8CE5-53CAA83123CE}.Release|Any CPU.ActiveCfg = Release|Any CPU
		{3CF3CDF2-A703-44A0-8CE5-53CAA83123CE}.Release|Any CPU.Build.0 = Release|Any CPU
	EndGlobalSection
	GlobalSection(NestedProjects) = preSolution
		{3DF945E1-6DA8-4706-97F4-52C445142E28} = {1C1EDA2D-BD36-43E2-A12F-2E5C7A335E73}
		{DBB9B389-7CE2-4E63-9428-D947B000024B} = {1C1EDA2D-BD36-43E2-A12F-2E5C7A335E73}
		{3CF3CDF2-A703-44A0-8CE5-53CAA83123CE} = {1C1EDA2D-BD36-43E2-A12F-2E5C7A335E73}
	EndGlobalSection
EndGlobal
